
Microsoft Visual Studio Solution File, Format Version 12.00
# Visual Studio 15
VisualStudioVersion = 15.0.28010.2036
MinimumVisualStudioVersion = 10.0.40219.1
Project("{FAE04EC0-301F-11D3-BF4B-00C04F79EFBC}") = "6_ZD", "6_ZD\6_ZD.csproj", "{5337D62D-4088-4F50-80DF-1CD377F95F55}"
EndProject
Global
	GlobalSection(SolutionConfigurationPlatforms) = preSolution
		Debug|Any CPU = Debug|Any CPU
		Release|Any CPU = Release|Any CPU
	EndGlobalSection
	GlobalSection(ProjectConfigurationPlatforms) = postSolution
		{5337D62D-4088-4F50-80DF-1CD377F95F55}.Debug|Any CPU.ActiveCfg = Debug|Any CPU
		{5337D62D-4088-4F50-80DF-1CD377F95F55}.Debug|Any CPU.Build.0 = Debug|Any CPU
		{5337D62D-4088-4F50-80DF-1CD377F95F55}.Release|Any CPU.ActiveCfg = Release|Any CPU
		{5337D62D-4088-4F50-80DF-1CD377F95F55}.Release|Any CPU.Build.0 = Release|Any CPU
	EndGlobalSection
	GlobalSection(SolutionProperties) = preSolution
		HideSolutionNode = FALSE
	EndGlobalSection
	GlobalSection(ExtensibilityGlobals) = postSolution
		SolutionGuid = {7095E20B-82E6-423C-8037-208309D9C01C}
	EndGlobalSection
EndGlobal
